github.com/conejoninja/drivers v0.0.0-20240515082542-5f2645f5444d h1:JOrg4HB7+TovofnvS2nQA5fYPVazK5kf+NPzO/UaM8g=
github.com/conejoninja/drivers v0.0.0-20240515082542-5f2645f5444d/go.mod h1:T6snsUqS0RAxOANxiV81fQwLxDDNmprxTAYzmxoA7J0=
github.com/davecgh/go-spew v1.1.1 h1:vj9j/u1bqnvCEfJOwUhtlOARqs3+rkHYY13jYWTU97c=
github.com/davecgh/go-spew v1.1.1/go.mod h1:J7Y8YcW2NihsgmVo/mv3lAwl/skON4iLHjSsI+c5H38=
github.com/go-ole/go-ole v1.3.0 h1:Dt6ye7+vXGIKZ7Xtk4s6/xVdGDQynvom7xCFEdWr6uE=
github.com/go-ole/go-ole v1.3.0/go.mod h1:5LS6F96DhAwUc7C+1HLexzMXY1xGRSryjyPPKW6zv78=
github.com/godbus/dbus/v5 v5.2.2 h1:TUR3TgtSVDmjiXOgAAyaZbYmIeP3DPkld3jgKGV8mXQ=
github.com/godbus/dbus/v5 v5.2.2/go.mod h1:3AAv2+hPq5rdnr5txxxRwiGjPXamgoIHgz9FPBfOp3c=
github.com/google/shlex v0.0.0-20191202100458-e7afc7fbc510 h1:El6M4kTTCOh6aBiKaUGG7oYTSPP8MxqL4YI3kZKwcP4=
github.com/google/shlex v0.0.0-20191202100458-e7afc7fbc510/go.mod h1:pupxD2MaaD3pAXIBCelhxNneeOaAeabZDe5s4K6zSpQ=
github.com/konsorten/go-windows-terminal-sequences v1.0.1/go.mod h1:T0+1ngSBFLxvqU3pZ+m/2kptfBszLMUkC4ZK/EgS/cQ=
github.com/pmezard/go-difflib v1.0.0 h1:4DBwDE0NGyQoBHbLQYPwSUPoCMWR5BEzIk/f1lZbAQM=
github.com/pmezard/go-difflib v1.0.0/go.mod h1:iKH77koFhYxTK1pcRnkKkqfTogsbg7gZNVY4sRDYZ/4=
github.com/saltosystems/winrt-go v0.0.0-20260513072510-45f10383b2b8 h1:CpUxfPAWwKKHDCH8tKBzAe6lC3c2mDVspXPP10Z+4IQ=
github.com/saltosystems/winrt-go v0.0.0-20260513072510-45f10383b2b8/go.mod h1:CIltaIm7qaANUIvzr0Vmz71lmQMAIbGJ7cvgzX7FMfA=
github.com/sirupsen/logrus v1.5.0/go.mod h1:+F7Ogzej0PZc/94MaYx/nvG9jOFMD2osvC3s+Squfpo=
github.com/sirupsen/logrus v1.9.4 h1:TsZE7l11zFCLZnZ+teH4Umoq5BhEIfIzfRDZ1Uzql2w=
github.com/sirupsen/logrus v1.9.4/go.mod h1:ftWc9WdOfJ0a92nsE2jF5u5ZwH8Bv2zdeOC42RjbV2g=
github.com/soypat/cyw43439 v0.1.1 h1:vcaTiVzfuz3keK7lJpVxStZ6tV8HCw7Ugzsh1k4mneE=
github.com/soypat/cyw43439 v0.1.1/go.mod h1:R2uSILRwSPmcmmKy5Z0FtK4ypgiPf5YqK+F+IKmXqxc=
github.com/soypat/lneto v0.2.1 h1:o07lXylFCkRs4djA9PYrIf0oW+tMLjxO2/JbHv2XoK0=
github.com/soypat/lneto v0.2.1/go.mod h1:Be5PjwoYukvHFiUXxpYi8+ppH2F/gw/vjGBvFdv+Ti8=
github.com/soypat/seqs v0.0.0-20260125140838-2c1c6b1bd69e h1:xF3R+8683ngGNUeIy8PHJZiJZ/XIw+hlGgxg572P0Mw=
github.com/soypat/seqs v0.0.0-20260125140838-2c1c6b1bd69e/go.mod h1:oCVCNGCHMKoBj97Zp9znLbQ1nHxpkmOY9X+UAGzOxc8=
github.com/stretchr/testify v1.2.2/go.mod h1:a8OnRcib4nhh0OaRAV+Yts87kKdq0PP7pXfy6kDkUVs=
github.com/stretchr/testify v1.10.0 h1:Xv5erBjTwe/5IxqUQTdXv5kgmIvbHo3QQyRwhJsOfJA=
github.com/stretchr/testify v1.10.0/go.mod h1:r2ic/lqez/lEtzL7wO/rwa5dbSLXVDPFyf8C91i36aY=
github.com/tinygo-org/cbgo v0.0.4 h1:3D76CRYbH03Rudi8sEgs/YO0x3JIMdyq8jlQtk/44fU=
github.com/tinygo-org/cbgo v0.0.4/go.mod h1:7+HgWIHd4nbAz0ESjGlJ1/v9LDU1Ox8MGzP9mah/fLk=
github.com/tinygo-org/pio v0.3.0 h1:opEnOtw58KGB4RJD3/n/Rd0/djYGX3DeJiXLI6y/yDI=
github.com/tinygo-org/pio v0.3.0/go.mod h1:wf6c6lKZp+pQOzKKcpzchmRuhiMc27ABRuo7KVnaMFU=
golang.org/x/exp v0.0.0-20260718201538-764159d718ef h1:LkZ48HFgy/TvhTI0bcWkjgFkgLyKUwcTbDjS0DUjw+A=
golang.org/x/exp v0.0.0-20260718201538-764159d718ef/go.mod h1:EdfpwwqSu+0Li0mzskwHU6FWDV3t9Q+RZDo3QMUtL3Q=
golang.org/x/sys v0.0.0-20190422165155-953cdadca894/go.mod h1:h1NjWce9XRLGQEsW7wpKNCjG9DtNlClVuFLEZdDNbEs=
golang.org/x/sys v0.1.0/go.mod h1:oPkhp1MJrh7nUepCBck5+mAzfO9JrbApNNgaTdGDITg=
golang.org/x/sys v0.47.0 h1:o7XGOvZQCADBQQ4Y7VNq2dRWQR7JmOUW8Kxx4ZsNgWs=
golang.org/x/sys v0.47.0/go.mod h1:4GL1E5IUh+htKOUEOaiffhrAeqysfVGipDYzABqnCmw=
gopkg.in/yaml.v3 v3.0.1 h1:fxVm/GzAzEWqLHuvctI91KS9hhNmmWOoWu0XTYJS7CA=
gopkg.in/yaml.v3 v3.0.1/go.mod h1:K4uyk7z7BCEPqu6E+C64Yfv1cQ7kz7rIZviUmN+EgEM=
tinygo.org/x/bluetooth v0.15.0 h1:hLn8+iZFXvVxBzPIdZfvc6TD8JP32ixF22lCEWHAbIo=
tinygo.org/x/bluetooth v0.15.0/go.mod h1:meayNB+9rC1igTUNmNU7KftlSEzrFHe37rBSQZjHN8Y=
tinygo.org/x/tinyfont v0.7.0 h1:Ju901eGRThlHLoti9K7myMYyv4phd3I0DrJwc14NTTU=
tinygo.org/x/tinyfont v0.7.0/go.mod h1:onflMSkpWl7r7j4MIqhPEVV39pn7yL4N3MOePl3G+G8=
